[[package]]
name = "amqp"
version = "5.1.1"
description = "Low-level AMQP client for Python (fork of amqplib)."
category = "main"
optional = false
python-versions = ">=3.6"

[package.dependencies]
vine = ">=5.0.0"

[[package]]
name = "appnope"
version = "0.1.3"
description = "Disable App Nap on macOS >= 10.9"
category = "main"
optional = false
python-versions = "*"

[[package]]
name = "asgiref"
version = "3.7.2"
description = "ASGI specs, helper code, and adapters"
category = "main"
optional = false
python-versions = ">=3.7"

[package.extras]
tests = ["pytest", "pytest-asyncio", "mypy (>=0.800)"]

[[package]]
name = "astroid"
version = "2.15.6"
description = "An abstract syntax tree for Python with inference support."
category = "dev"
optional = false
python-versions = ">=3.7.2"

[package.dependencies]
lazy-object-proxy = ">=1.4.0"
wrapt = {version = ">=1.14,<2", markers = "python_version >= \"3.11\""}

[[package]]
name = "asttokens"
version = "2.2.1"
description = "Annotate AST trees with source code positions"
category = "main"
optional = false
python-versions = "*"

[package.dependencies]
six = "*"

[package.extras]
test = ["astroid", "pytest"]

[[package]]
name = "async-timeout"
version = "4.0.2"
description = "Timeout context manager for asyncio programs"
category = "main"
optional = false
python-versions = ">=3.6"

[[package]]
name = "backcall"
version = "0.2.0"
description = "Specifications for callback functions passed in to an API"
category = "main"
optional = false
python-versions = "*"

[[package]]
name = "bandit"
version = "1.7.5"
description = "Security oriented static analyser for python code."
category = "dev"
optional = false
python-versions = ">=3.7"

[package.dependencies]
colorama = {version = ">=0.3.9", markers = "platform_system == \"Windows\""}
GitPython = ">=1.0.1"
PyYAML = ">=5.3.1"
rich = "*"
stevedore = ">=1.20.0"

[package.extras]
test = ["coverage (>=4.5.4)", "fixtures (>=3.0.0)", "flake8 (>=4.0.0)", "stestr (>=2.5.0)", "testscenarios (>=0.5.0)", "testtools (>=2.3.0)", "beautifulsoup4 (>=4.8.0)", "pylint (==1.9.4)", "tomli (>=1.1.0)"]
toml = ["tomli (>=1.1.0)"]
yaml = ["pyyaml"]

[[package]]
name = "billiard"
version = "4.1.0"
description = "Python multiprocessing fork with improvements and bugfixes"
category = "main"
optional = false
python-versions = ">=3.7"

[[package]]
name = "black"
version = "23.7.0"
description = "The uncompromising code formatter."
category = "dev"
optional = false
python-versions = ">=3.8"

[package.dependencies]
click = ">=8.0.0"
mypy-extensions = ">=0.4.3"
packaging = ">=22.0"
pathspec = ">=0.9.0"
platformdirs = ">=2"

[package.extras]
colorama = ["colorama (>=0.4.3)"]
d = ["aiohttp (>=3.7.4)"]
jupyter = ["ipython (>=7.8.0)", "tokenize-rt (>=3.2.0)"]
uvloop = ["uvloop (>=0.15.2)"]

[[package]]
name = "brotlipy"
version = "0.7.0"
description = "Python binding to the Brotli library"
category = "main"
optional = false
python-versions = "*"

[package.dependencies]
cffi = ">=1.0.0"

[[package]]
name = "celery"
version = "5.3.1"
description = "Distributed Task Queue."
category = "main"
optional = false
python-versions = ">=3.8"

[package.dependencies]
billiard = ">=4.1.0,<5.0"
click = ">=8.1.2,<9.0"
click-didyoumean = ">=0.3.0"
click-plugins = ">=1.1.1"
click-repl = ">=0.2.0"
kombu = ">=5.3.1,<6.0"
python-dateutil = ">=2.8.2"
redis = {version = ">=4.5.2,<4.5.5 || >4.5.5", optional = true, markers = "extra == \"redis\""}
tzdata = ">=2022.7"
vine = ">=5.0.0,<6.0"

[package.extras]
arangodb = ["pyArango (>=2.0.1)"]
auth = ["cryptography (==41.0.1)"]
azureblockblob = ["azure-storage-blob (>=12.15.0)"]
brotli = ["brotli (>=1.0.0)", "brotlipy (>=0.7.0)"]
cassandra = ["cassandra-driver (>=3.25.0,<4)"]
consul = ["python-consul2 (==0.1.5)"]
cosmosdbsql = ["pydocumentdb (==2.3.5)"]
couchbase = ["couchbase (>=3.0.0)"]
couchdb = ["pycouchdb (==1.14.2)"]
django = ["Django (>=2.2.28)"]
dynamodb = ["boto3 (>=1.26.143)"]
elasticsearch = ["elasticsearch (<8.0)"]
eventlet = ["eventlet (>=0.32.0)"]
gevent = ["gevent (>=1.5.0)"]
librabbitmq = ["librabbitmq (>=2.0.0)"]
memcache = ["pylibmc (==1.6.3)"]
mongodb = ["pymongo[srv] (>=4.0.2)"]
msgpack = ["msgpack (==1.0.5)"]
pymemcache = ["python-memcached (==1.59)"]
pyro = ["pyro4 (==4.82)"]
pytest = ["pytest-celery (==0.0.0)"]
redis = ["redis (>=4.5.2,!=4.5.5)"]
s3 = ["boto3 (>=1.26.143)"]
slmq = ["softlayer-messaging (>=1.0.3)"]
solar = ["ephem (==4.1.4)"]
sqlalchemy = ["sqlalchemy (>=1.4.48,<2.1)"]
sqs = ["boto3 (>=1.26.143)", "kombu[sqs] (>=5.3.0)", "urllib3 (>=1.26.16)", "pycurl (>=7.43.0.5)"]
tblib = ["tblib (>=1.3.0)", "tblib (>=1.5.0)"]
yaml = ["PyYAML (>=3.10)"]
zookeeper = ["kazoo (>=1.3.1)"]
zstd = ["zstandard (==0.21.0)"]

[[package]]
name = "celery-redbeat"
version = "2.1.1"
description = "A Celery Beat Scheduler using Redis for persistent storage"
category = "main"
optional = false
python-versions = "*"

[package.dependencies]
celery = ">=5.0"
python-dateutil = "*"
redis = ">=3.2"
tenacity = "*"

[[package]]
name = "certifi"
version = "2023.7.22"
description = "Python package for providing Mozilla's CA Bundle."
category = "main"
optional = false
python-versions = ">=3.6"

[[package]]
name = "cffi"
version = "1.15.1"
description = "Foreign Function Interface for Python calling C code."
category = "main"
optional = false
python-versions = "*"

[package.dependencies]
pycparser = "*"

[[package]]
name = "cfgv"
version = "3.3.1"
description = "Validate configuration and produce human readable error messages."
category = "dev"
optional = false
python-versions = ">=3.6.1"

[[package]]
name = "click"
version = "8.1.6"
description = "Composable command line interface toolkit"
category = "main"
optional = false
python-versions = ">=3.7"

[package.dependencies]
colorama = {version = "*", markers = "platform_system == \"Windows\""}

[[package]]
name = "click-didyoumean"
version = "0.3.0"
description = "Enables git-like *did-you-mean* feature in click"
category = "main"
optional = false
python-versions = ">=3.6.2,<4.0.0"

[package.dependencies]
click = ">=7"

[[package]]
name = "click-plugins"
version = "1.1.1"
description = "An extension module for click to enable registering CLI commands via setuptools entry-points."
category = "main"
optional = false
python-versions = "*"

[package.dependencies]
click = ">=4.0"

[package.extras]
dev = ["pytest (>=3.6)", "pytest-cov", "wheel", "coveralls"]

[[package]]
name = "click-repl"
version = "0.3.0"
description = "REPL plugin for Click"
category = "main"
optional = false
python-versions = ">=3.6"

[package.dependencies]
click = ">=7.0"
prompt-toolkit = ">=3.0.36"

[package.extras]
testing = ["pytest-cov (>=4.0.0)", "pytest (>=7.2.1)", "tox (>=4.4.3)"]

[[package]]
name = "colorama"
version = "0.4.6"
description = "Cross-platform colored terminal text."
category = "main"
optional = false
python-versions = "!=3.0.*,!=3.1.*,!=3.2.*,!=3.3.*,!=3.4.*,!=3.5.*,!=3.6.*,>=2.7"

[[package]]
name = "coverage"
version = "7.2.7"
description = "Code coverage measurement for Python"
category = "dev"
optional = false
python-versions = ">=3.7"

[package.extras]
toml = ["tomli"]

[[package]]
name = "decorator"
version = "5.1.1"
description = "Decorators for Humans"
category = "main"
optional = false
python-versions = ">=3.5"

[[package]]
name = "defusedxml"
version = "0.7.1"
description = "XML bomb protection for Python stdlib modules"
category = "main"
optional = false
python-versions = ">=2.7, !=3.0.*, !=3.1.*, !=3.2.*, !=3.3.*, !=3.4.*"

[[package]]
name = "diff-match-patch"
version = "20230430"
description = "Diff Match and Patch"
category = "main"
optional = false
python-versions = ">=3.7"

[package.extras]
dev = ["attribution (==1.6.2)", "black (==23.3.0)", "flit (==3.8.0)", "mypy (==1.2.0)", "ufmt (==2.1.0)", "usort (==1.0.6)"]

[[package]]
name = "dill"
version = "0.3.7"
description = "serialize all of Python"
category = "dev"
optional = false
python-versions = ">=3.7"

[package.extras]
graph = ["objgraph (>=1.7.2)"]

[[package]]
name = "distlib"
version = "0.3.7"
description = "Distribution utilities"
category = "dev"
optional = false
python-versions = "*"

[[package]]
name = "dj-database-url"
version = "2.0.0"
description = "Use Database URLs in your Django Application."
category = "main"
optional = false
python-versions = "*"

[package.dependencies]
Django = ">=3.2"
typing-extensions = ">=3.10.0.0"

[[package]]
name = "django"
version = "3.2.20"
description = "A high-level Python Web framework that encourages rapid development and clean, pragmatic design."
category = "main"
optional = false
python-versions = ">=3.6"

[package.dependencies]
asgiref = ">=3.3.2,<4"
pytz = "*"
sqlparse = ">=0.2.2"

[package.extras]
argon2 = ["argon2-cffi (>=19.1.0)"]
bcrypt = ["bcrypt"]

[[package]]
name = "django-debreach"
version = "2.1.0"
description = "Adds middleware to give some added protection against the BREACH attack in Django."
category = "main"
optional = false
python-versions = ">=3.7"

[[package]]
name = "django-import-export"
version = "3.2.0"
description = "Django application and library for importing and exporting data with included admin integration."
category = "main"
optional = false
python-versions = ">=3.7"

[package.dependencies]
diff-match-patch = "*"
Django = ">=3.2"
tablib = {version = ">=3.4.0", extras = ["html", "ods", "xls", "xlsx", "yaml"]}

[[package]]
name = "django-js-reverse"
version = "0.9.1"
description = "Javascript url handling for Django that doesn't hurt."
category = "main"
optional = false
python-versions = "*"

[package.dependencies]
Django = ">=1.5"

[[package]]
name = "django-log-request-id"
version = "2.1.0"
description = "Django middleware and log filter to attach a unique ID to every log message generated as part of a request"
category = "main"
optional = false
python-versions = "*"

[package.dependencies]
django = ">=1.8"

[[package]]
name = "django-model-utils"
version = "4.3.1"
description = "Django model mixins and utilities"
category = "main"
optional = false
python-versions = ">=3.7"

[package.dependencies]
Django = ">=3.2"

[[package]]
name = "django-webpack-loader"
version = "2.0.1"
description = "Transparently use webpack with django"
category = "main"
optional = false
python-versions = "*"

[[package]]
name = "djangorestframework"
version = "3.14.0"
description = "Web APIs for Django, made easy."
category = "main"
optional = false
python-versions = ">=3.6"

[package.dependencies]
django = ">=3.0"
pytz = "*"

[[package]]
name = "dodgy"
version = "0.2.1"
description = "Dodgy: Searches for dodgy looking lines in Python code"
category = "dev"
optional = false
python-versions = "*"

[[package]]
name = "et-xmlfile"
version = "1.1.0"
description = "An implementation of lxml.xmlfile for the standard library"
category = "main"
optional = false
python-versions = ">=3.6"

[[package]]
name = "executing"
version = "1.2.0"
description = "Get the currently executing AST node of a frame, and other information"
category = "main"
optional = false
python-versions = "*"

[package.extras]
tests = ["asttokens", "pytest", "littleutils", "rich"]

[[package]]
name = "filelock"
version = "3.12.2"
description = "A platform independent file lock."
category = "dev"
optional = false
python-versions = ">=3.7"

[package.extras]
docs = ["furo (>=2023.5.20)", "sphinx-autodoc-typehints (>=1.23,!=1.23.4)", "sphinx (>=7.0.1)"]
testing = ["covdefaults (>=2.3)", "coverage (>=7.2.7)", "diff-cover (>=7.5)", "pytest-cov (>=4.1)", "pytest-mock (>=3.10)", "pytest-timeout (>=2.1)", "pytest (>=7.3.1)"]

[[package]]
name = "flake8"
version = "2.3.0"
description = "the modular source code checker: pep8, pyflakes and co"
category = "dev"
optional = false
python-versions = "*"

[package.dependencies]
mccabe = ">=0.2.1"
pep8 = ">=1.5.7"
pyflakes = ">=0.8.1"

[[package]]
name = "flake8-polyfill"
version = "1.0.2"
description = "Polyfill package for Flake8 plugins"
category = "dev"
optional = false
python-versions = "*"

[package.dependencies]
flake8 = "*"

[[package]]
name = "gitdb"
version = "4.0.10"
description = "Git Object Database"
category = "dev"
optional = false
python-versions = ">=3.7"

[package.dependencies]
smmap = ">=3.0.1,<6"

[[package]]
name = "gitpython"
version = "3.1.32"
description = "GitPython is a Python library used to interact with Git repositories"
category = "dev"
optional = false
python-versions = ">=3.7"

[package.dependencies]
gitdb = ">=4.0.1,<5"

[[package]]
name = "gunicorn"
version = "20.1.0"
description = "WSGI HTTP Server for UNIX"
category = "main"
optional = false
python-versions = ">=3.5"

[package.extras]
eventlet = ["eventlet (>=0.24.1)"]
gevent = ["gevent (>=1.4.0)"]
setproctitle = ["setproctitle"]
tornado = ["tornado (>=0.2)"]

[[package]]
name = "identify"
version = "2.5.26"
description = "File identification library for Python"
category = "dev"
optional = false
python-versions = ">=3.8"

[package.extras]
license = ["ukkonen"]

[[package]]
name = "ipython"
version = "8.14.0"
description = "IPython: Productive Interactive Computing"
category = "main"
optional = false
python-versions = ">=3.9"

[package.dependencies]
appnope = {version = "*", markers = "sys_platform == \"darwin\""}
backcall = "*"
colorama = {version = "*", markers = "sys_platform == \"win32\""}
decorator = "*"
jedi = ">=0.16"
matplotlib-inline = "*"
pexpect = {version = ">4.3", markers = "sys_platform != \"win32\""}
pickleshare = "*"
prompt-toolkit = ">=3.0.30,<3.0.37 || >3.0.37,<3.1.0"
pygments = ">=2.4.0"
stack-data = "*"
traitlets = ">=5"

[package.extras]
all = ["black", "ipykernel", "setuptools (>=18.5)", "sphinx (>=1.3)", "sphinx-rtd-theme", "docrepr", "matplotlib", "stack-data", "pytest (<7)", "typing-extensions", "pytest (<7.1)", "pytest-asyncio", "testpath", "nbconvert", "nbformat", "ipywidgets", "notebook", "ipyparallel", "qtconsole", "curio", "matplotlib (!=3.2.0)", "numpy (>=1.21)", "pandas", "trio"]
black = ["black"]
doc = ["ipykernel", "setuptools (>=18.5)", "sphinx (>=1.3)", "sphinx-rtd-theme", "docrepr", "matplotlib", "stack-data", "pytest (<7)", "typing-extensions", "pytest (<7.1)", "pytest-asyncio", "testpath"]
kernel = ["ipykernel"]
nbconvert = ["nbconvert"]
nbformat = ["nbformat"]
notebook = ["ipywidgets", "notebook"]
parallel = ["ipyparallel"]
qtconsole = ["qtconsole"]
test = ["pytest (<7.1)", "pytest-asyncio", "testpath"]
test_extra = ["pytest (<7.1)", "pytest-asyncio", "testpath", "curio", "matplotlib (!=3.2.0)", "nbformat", "numpy (>=1.21)", "pandas", "trio"]

[[package]]
name = "isort"
version = "5.12.0"
description = "A Python utility / library to sort Python imports."
category = "dev"
optional = false
python-versions = ">=3.8.0"

[package.extras]
colors = ["colorama (>=0.4.3)"]
requirements-deprecated-finder = ["pip-api", "pipreqs"]
pipfile-deprecated-finder = ["pip-shims (>=0.5.2)", "pipreqs", "requirementslib"]
plugins = ["setuptools"]

[[package]]
name = "jedi"
version = "0.19.0"
description = "An autocompletion tool for Python that can be used for text editors."
category = "main"
optional = false
python-versions = ">=3.6"

[package.dependencies]
parso = ">=0.8.3,<0.9.0"

[package.extras]
docs = ["Jinja2 (==2.11.3)", "MarkupSafe (==1.1.1)", "Pygments (==2.8.1)", "alabaster (==0.7.12)", "babel (==2.9.1)", "chardet (==4.0.0)", "commonmark (==0.8.1)", "docutils (==0.17.1)", "future (==0.18.2)", "idna (==2.10)", "imagesize (==1.2.0)", "mock (==1.0.1)", "packaging (==20.9)", "pyparsing (==2.4.7)", "pytz (==2021.1)", "readthedocs-sphinx-ext (==2.1.4)", "recommonmark (==0.5.0)", "requests (==2.25.1)", "six (==1.15.0)", "snowballstemmer (==2.1.0)", "sphinx-rtd-theme (==0.4.3)", "sphinx (==1.8.5)", "sphinxcontrib-serializinghtml (==1.1.4)", "sphinxcontrib-websupport (==1.2.4)", "urllib3 (==1.26.4)"]
qa = ["flake8 (==5.0.4)", "mypy (==0.971)", "types-setuptools (==67.2.0.1)"]
testing = ["Django (<3.1)", "attrs", "colorama", "docopt", "pytest (<7.0.0)"]

[[package]]
name = "kombu"
version = "5.3.1"
description = "Messaging library for Python."
category = "main"
optional = false
python-versions = ">=3.8"

[package.dependencies]
amqp = ">=5.1.1,<6.0.0"
vine = "*"

[package.extras]
azureservicebus = ["azure-servicebus (>=7.10.0)"]
azurestoragequeues = ["azure-identity (>=1.12.0)", "azure-storage-queue (>=12.6.0)"]
confluentkafka = ["confluent-kafka (==2.1.1)"]
consul = ["python-consul2"]
librabbitmq = ["librabbitmq (>=2.0.0)"]
mongodb = ["pymongo (>=4.1.1)"]
msgpack = ["msgpack"]
pyro = ["pyro4"]
qpid = ["qpid-python (>=0.26)", "qpid-tools (>=0.26)"]
redis = ["redis (>=4.5.2)"]
slmq = ["softlayer-messaging (>=1.0.3)"]
sqlalchemy = ["sqlalchemy (>=1.4.48,<2.1)"]
sqs = ["boto3 (>=1.26.143)", "urllib3 (>=1.26.16)", "pycurl (>=7.43.0.5)"]
yaml = ["PyYAML (>=3.10)"]
zookeeper = ["kazoo (>=2.8.0)"]

[[package]]
name = "lazy-object-proxy"
version = "1.9.0"
description = "A fast and thorough lazy object proxy."
category = "dev"
optional = false
python-versions = ">=3.7"

[[package]]
name = "markdown-it-py"
version = "3.0.0"
description = "Python port of markdown-it. Markdown parsing, done right!"
category = "dev"
optional = false
python-versions = ">=3.8"

[package.dependencies]
mdurl = ">=0.1,<1.0"

[package.extras]
benchmarking = ["psutil", "pytest", "pytest-benchmark"]
code_style = ["pre-commit (>=3.0,<4.0)"]
compare = ["commonmark (>=0.9,<1.0)", "markdown (>=3.4,<4.0)", "mistletoe (>=1.0,<2.0)", "mistune (>=2.0,<3.0)", "panflute (>=2.3,<3.0)"]
linkify = ["linkify-it-py (>=1,<3)"]
plugins = ["mdit-py-plugins"]
profiling = ["gprof2dot"]
rtd = ["mdit-py-plugins", "myst-parser", "pyyaml", "sphinx", "sphinx-copybutton", "sphinx-design", "sphinx-book-theme", "jupyter-sphinx"]
testing = ["coverage", "pytest", "pytest-cov", "pytest-regressions"]

[[package]]
name = "markuppy"
version = "1.14"
description = "An HTML/XML generator"
category = "main"
optional = false
python-versions = "*"

[[package]]
name = "matplotlib-inline"
version = "0.1.6"
description = "Inline Matplotlib backend for Jupyter"
category = "main"
optional = false
python-versions = ">=3.5"

[package.dependencies]
traitlets = "*"

[[package]]
name = "mccabe"
version = "0.7.0"
description = "McCabe checker, plugin for flake8"
category = "dev"
optional = false
python-versions = ">=3.6"

[[package]]
name = "mdurl"
version = "0.1.2"
description = "Markdown URL utilities"
category = "dev"
optional = false
python-versions = ">=3.7"

[[package]]
name = "model-bakery"
version = "1.13.0"
description = "Smart object creation facility for Django."
category = "dev"
optional = false
python-versions = ">=3.7"

[package.dependencies]
django = ">=3.2"

[[package]]
name = "mypy-extensions"
version = "1.0.0"
description = "Type system extensions for programs checked with the mypy type checker."
category = "dev"
optional = false
python-versions = ">=3.5"

[[package]]
name = "nodeenv"
version = "1.8.0"
description = "Node.js virtual environment builder"
category = "dev"
optional = false
python-versions = ">=2.7,!=3.0.*,!=3.1.*,!=3.2.*,!=3.3.*,!=3.4.*,!=3.5.*,!=3.6.*"

[[package]]
name = "odfpy"
version = "1.4.1"
description = "Python API and tools to manipulate OpenDocument files"
category = "main"
optional = false
python-versions = "*"

[package.dependencies]
defusedxml = "*"

[[package]]
name = "openpyxl"
version = "3.1.2"
description = "A Python library to read/write Excel 2010 xlsx/xlsm files"
category = "main"
optional = false
python-versions = ">=3.6"

[package.dependencies]
et-xmlfile = "*"

[[package]]
name = "packaging"
version = "23.1"
description = "Core utilities for Python packages"
category = "dev"
optional = false
python-versions = ">=3.7"

[[package]]
name = "parso"
version = "0.8.3"
description = "A Python Parser"
category = "main"
optional = false
python-versions = ">=3.6"

[package.extras]
qa = ["flake8 (==3.8.3)", "mypy (==0.782)"]
testing = ["docopt", "pytest (<6.0.0)"]

[[package]]
name = "pathspec"
version = "0.11.2"
description = "Utility library for gitignore style pattern matching of file paths."
category = "dev"
optional = false
python-versions = ">=3.7"

[[package]]
name = "pbr"
version = "5.11.1"
description = "Python Build Reasonableness"
category = "dev"
optional = false
python-versions = ">=2.6"

[[package]]
name = "pep8"
version = "1.7.1"
description = "Python style guide checker"
category = "dev"
optional = false
python-versions = "*"

[[package]]
name = "pep8-naming"
version = "0.10.0"
description = "Check PEP-8 naming conventions, plugin for flake8"
category = "dev"
optional = false
python-versions = "*"

[package.dependencies]
flake8-polyfill = ">=1.0.2,<2"

[[package]]
name = "pexpect"
version = "4.8.0"
description = "Pexpect allows easy control of interactive console applications."
category = "main"
optional = false
python-versions = "*"

[package.dependencies]
ptyprocess = ">=0.5"

[[package]]
name = "pickleshare"
version = "0.7.5"
description = "Tiny 'shelve'-like database with concurrency support"
category = "main"
optional = false
python-versions = "*"

[[package]]
name = "platformdirs"
version = "3.10.0"
description = "A small Python package for determining appropriate platform-specific dirs, e.g. a \"user data dir\"."
category = "dev"
optional = false
python-versions = ">=3.7"

[package.extras]
docs = ["furo (>=2023.7.26)", "proselint (>=0.13)", "sphinx-autodoc-typehints (>=1.24)", "sphinx (>=7.1.1)"]
test = ["appdirs (==1.4.4)", "covdefaults (>=2.3)", "pytest-cov (>=4.1)", "pytest-mock (>=3.11.1)", "pytest (>=7.4)"]

[[package]]
name = "pre-commit"
version = "3.3.3"
description = "A framework for managing and maintaining multi-language pre-commit hooks."
category = "dev"
optional = false
python-versions = ">=3.8"

[package.dependencies]
cfgv = ">=2.0.0"
identify = ">=1.0.0"
nodeenv = ">=0.11.1"
pyyaml = ">=5.1"
virtualenv = ">=20.10.0"

[[package]]
name = "prompt-toolkit"
version = "3.0.39"
description = "Library for building powerful interactive command lines in Python"
category = "main"
optional = false
python-versions = ">=3.7.0"

[package.dependencies]
wcwidth = "*"

[[package]]
name = "prospector"
version = "1.10.2"
description = "Prospector is a tool to analyse Python code by aggregating the result of other tools."
category = "dev"
optional = false
python-versions = ">=3.7.2,<4.0"

[package.dependencies]
dodgy = ">=0.2.1,<0.3.0"
flake8 = "<6.0.0"
GitPython = ">=3.1.27,<4.0.0"
mccabe = ">=0.7.0,<0.8.0"
packaging = "*"
pep8-naming = ">=0.3.3,<=0.10.0"
pycodestyle = ">=2.9.0"
pydocstyle = ">=2.0.0"
pyflakes = ">=2.2.0,<3"
pylint = ">=2.8.3"
pylint-celery = "0.3"
pylint-django = ">=2.5,<2.6"
pylint-flask = "0.6"
pylint-plugin-utils = ">=0.7,<0.8"
PyYAML = "*"
requirements-detector = ">=1.2.0"
setoptconf-tmp = ">=0.3.1,<0.4.0"
toml = ">=0.10.2,<0.11.0"

[package.extras]
with_bandit = ["bandit (>=1.5.1)"]
with_everything = ["bandit (>=1.5.1)", "mypy (>=0.600)", "pyright (>=1.1.3)", "pyroma (>=2.4)", "vulture (>=1.5)"]
with_mypy = ["mypy (>=0.600)"]
with_pyright = ["pyright (>=1.1.3)"]
with_pyroma = ["pyroma (>=2.4)"]
with_vulture = ["vulture (>=1.5)"]

[[package]]
name = "psutil"
version = "5.9.5"
description = "Cross-platform lib for process and system monitoring in Python."
category = "main"
optional = false
python-versions = ">=2.7, !=3.0.*, !=3.1.*, !=3.2.*, !=3.3.*"

[package.extras]
test = ["ipaddress", "mock", "enum34", "pywin32", "wmi"]

[[package]]
name = "psycopg2"
version = "2.9.7"
description = "psycopg2 - Python-PostgreSQL Database Adapter"
category = "main"
optional = false
python-versions = ">=3.6"

[[package]]
name = "ptyprocess"
version = "0.7.0"
description = "Run a subprocess in a pseudo terminal"
category = "main"
optional = false
python-versions = "*"

[[package]]
name = "pure-eval"
version = "0.2.2"
description = "Safely evaluate AST nodes without side effects"
category = "main"
optional = false
python-versions = "*"

[package.extras]
tests = ["pytest"]

[[package]]
name = "pycodestyle"
version = "2.11.0"
description = "Python style guide checker"
category = "dev"
optional = false
python-versions = ">=3.8"

[[package]]
name = "pycparser"
version = "2.21"
description = "C parser in Python"
category = "main"
optional = false
python-versions = ">=2.7, !=3.0.*, !=3.1.*, !=3.2.*, !=3.3.*"

[[package]]
name = "pydocstyle"
version = "6.3.0"
description = "Python docstring style checker"
category = "dev"
optional = false
python-versions = ">=3.6"

[package.dependencies]
snowballstemmer = ">=2.2.0"

[package.extras]
toml = ["tomli (>=1.2.3)"]

[[package]]
name = "pyflakes"
version = "2.5.0"
description = "passive checker of Python programs"
category = "dev"
optional = false
python-versions = ">=3.6"

[[package]]
name = "pygments"
version = "2.16.1"
description = "Pygments is a syntax highlighting package written in Python."
category = "main"
optional = false
python-versions = ">=3.7"

[package.extras]
plugins = ["importlib-metadata"]

[[package]]
name = "pylint"
version = "2.17.5"
description = "python code static checker"
category = "dev"
optional = false
python-versions = ">=3.7.2"

[package.dependencies]
astroid = ">=2.15.6,<=2.17.0-dev0"
colorama = {version = ">=0.4.5", markers = "sys_platform == \"win32\""}
dill = {version = ">=0.3.6", markers = "python_version >= \"3.11\""}
isort = ">=4.2.5,<6"
mccabe = ">=0.6,<0.8"
platformdirs = ">=2.2.0"
tomlkit = ">=0.10.1"

[package.extras]
spelling = ["pyenchant (>=3.2,<4.0)"]
testutils = ["gitpython (>3)"]

[[package]]
name = "pylint-celery"
version = "0.3"
description = "pylint-celery is a Pylint plugin to aid Pylint in recognising and understandingerrors caused when using the Celery library"
category = "dev"
optional = false
python-versions = "*"

[package.dependencies]
astroid = ">=1.0"
pylint = ">=1.0"
pylint-plugin-utils = ">=0.2.1"

[[package]]
name = "pylint-django"
version = "2.5.3"
description = "A Pylint plugin to help Pylint understand the Django web framework"
category = "dev"
optional = false
python-versions = "*"

[package.dependencies]
pylint = ">=2.0,<3"
pylint-plugin-utils = ">=0.7"

[package.extras]
for_tests = ["django-tables2", "factory-boy", "coverage", "pytest", "wheel", "django-tastypie", "pylint (>=2.13)"]
with_django = ["django"]

[[package]]
name = "pylint-flask"
version = "0.6"
description = "pylint-flask is a Pylint plugin to aid Pylint in recognizing and understanding errors caused when using Flask"
category = "dev"
optional = false
python-versions = "*"

[package.dependencies]
pylint-plugin-utils = ">=0.2.1"

[[package]]
name = "pylint-plugin-utils"
version = "0.7"
description = "Utilities and helpers for writing Pylint plugins"
category = "dev"
optional = false
python-versions = ">=3.6.2"

[package.dependencies]
pylint = ">=1.7"

[[package]]
name = "python-dateutil"
version = "2.8.2"
description = "Extensions to the standard Python datetime module"
category = "main"
optional = false
python-versions = "!=3.0.*,!=3.1.*,!=3.2.*,>=2.7"

[package.dependencies]
six = ">=1.5"

[[package]]
name = "python-decouple"
version = "3.8"
description = "Strict separation of settings from code."
category = "main"
optional = false
python-versions = "*"

[[package]]
name = "pytz"
version = "2023.3"
description = "World timezone definitions, modern and historical"
category = "main"
optional = false
python-versions = "*"

[[package]]
name = "pyyaml"
version = "6.0.1"
description = "YAML parser and emitter for Python"
category = "main"
optional = false
python-versions = ">=3.6"

[[package]]
name = "redis"
version = "4.6.0"
description = "Python client for Redis database and key-value store"
category = "main"
optional = false
python-versions = ">=3.7"

[package.dependencies]
async-timeout = {version = ">=4.0.2", markers = "python_full_version <= \"3.11.2\""}

[package.extras]
hiredis = ["hiredis (>=1.0.0)"]
ocsp = ["cryptography (>=36.0.1)", "pyopenssl (==20.0.1)", "requests (>=2.26.0)"]

[[package]]
name = "requirements-detector"
version = "1.2.2"
description = "Python tool to find and list requirements of a Python project"
category = "dev"
optional = false
python-versions = ">=3.7,<4.0"

[package.dependencies]
astroid = ">=2.0,<3.0"
packaging = ">=21.3"
semver = ">=3.0.0,<4.0.0"
toml = ">=0.10.2,<0.11.0"

[[package]]
name = "rich"
version = "13.5.2"
description = "Render rich text, tables, progress bars, syntax highlighting, markdown and more to the terminal"
category = "dev"
optional = false
python-versions = ">=3.7.0"

[package.dependencies]
markdown-it-py = ">=2.2.0"
pygments = ">=2.13.0,<3.0.0"

[package.extras]
jupyter = ["ipywidgets (>=7.5.1,<9)"]

[[package]]
name = "semver"
version = "3.0.1"
description = "Python helper for Semantic Versioning (https://semver.org)"
category = "dev"
optional = false
python-versions = ">=3.7"

[[package]]
name = "sentry-sdk"
version = "1.29.2"
description = "Python client for Sentry (https://sentry.io)"
category = "main"
optional = false
python-versions = "*"

[package.dependencies]
certifi = "*"
urllib3 = {version = ">=1.26.11", markers = "python_version >= \"3.6\""}

[package.extras]
aiohttp = ["aiohttp (>=3.5)"]
arq = ["arq (>=0.23)"]
beam = ["apache-beam (>=2.12)"]
bottle = ["bottle (>=0.12.13)"]
celery = ["celery (>=3)"]
chalice = ["chalice (>=1.16.0)"]
django = ["django (>=1.8)"]
falcon = ["falcon (>=1.4)"]
fastapi = ["fastapi (>=0.79.0)"]
flask = ["flask (>=0.11)", "blinker (>=1.1)", "markupsafe"]
grpcio = ["grpcio (>=1.21.1)"]
httpx = ["httpx (>=0.16.0)"]
huey = ["huey (>=2)"]
loguru = ["loguru (>=0.5)"]
opentelemetry = ["opentelemetry-distro (>=0.35b0)"]
pure_eval = ["pure-eval", "executing", "asttokens"]
pymongo = ["pymongo (>=3.1)"]
pyspark = ["pyspark (>=2.4.4)"]
quart = ["quart (>=0.16.1)", "blinker (>=1.1)"]
rq = ["rq (>=0.6)"]
sanic = ["sanic (>=0.8)"]
sqlalchemy = ["sqlalchemy (>=1.2)"]
starlette = ["starlette (>=0.19.1)"]
starlite = ["starlite (>=1.48)"]
tornado = ["tornado (>=5)"]

[[package]]
name = "setoptconf-tmp"
version = "0.3.1"
description = "A module for retrieving program settings from various sources in a consistant method."
category = "dev"
optional = false
python-versions = "*"

[package.extras]
yaml = ["pyyaml"]

[[package]]
name = "six"
version = "1.16.0"
description = "Python 2 and 3 compatibility utilities"
category = "main"
optional = false
python-versions = ">=2.7, !=3.0.*, !=3.1.*, !=3.2.*"

[[package]]
name = "smmap"
version = "5.0.0"
description = "A pure Python implementation of a sliding window memory map manager"
category = "dev"
optional = false
python-versions = ">=3.6"

[[package]]
name = "snowballstemmer"
version = "2.2.0"
description = "This package provides 29 stemmers for 28 languages generated from Snowball algorithms."
category = "dev"
optional = false
python-versions = "*"

[[package]]
name = "sqlparse"
version = "0.4.4"
description = "A non-validating SQL parser."
category = "main"
optional = false
python-versions = ">=3.5"

[package.extras]
dev = ["flake8", "build"]
doc = ["sphinx"]
test = ["pytest", "pytest-cov"]

[[package]]
name = "stack-data"
version = "0.6.2"
description = "Extract data from python stack frames and tracebacks for informative displays"
category = "main"
optional = false
python-versions = "*"

[package.dependencies]
asttokens = ">=2.1.0"
executing = ">=1.2.0"
pure-eval = "*"

[package.extras]
tests = ["pytest", "typeguard", "pygments", "littleutils", "cython"]

[[package]]
name = "stevedore"
version = "5.1.0"
description = "Manage dynamic plugins for Python applications"
category = "dev"
optional = false
python-versions = ">=3.8"

[package.dependencies]
pbr = ">=2.0.0,<2.1.0 || >2.1.0"

[[package]]
name = "tablib"
version = "3.5.0"
description = "Format agnostic tabular data library (XLS, JSON, YAML, CSV, etc.)"
category = "main"
optional = false
python-versions = ">=3.8"

[package.dependencies]
markuppy = {version = "*", optional = true, markers = "extra == \"html\""}
odfpy = {version = "*", optional = true, markers = "extra == \"ods\""}
openpyxl = {version = ">=2.6.0", optional = true, markers = "extra == \"xlsx\""}
pyyaml = {version = "*", optional = true, markers = "extra == \"yaml\""}
xlrd = {version = "*", optional = true, markers = "extra == \"xls\""}
xlwt = {version = "*", optional = true, markers = "extra == \"xls\""}

[package.extras]
all = ["markuppy", "odfpy", "openpyxl (>=2.6.0)", "pandas", "pyyaml", "tabulate", "xlrd", "xlwt"]
cli = ["tabulate"]
html = ["markuppy"]
ods = ["odfpy"]
pandas = ["pandas"]
xls = ["xlrd", "xlwt"]
xlsx = ["openpyxl (>=2.6.0)"]
yaml = ["pyyaml"]

[[package]]
name = "tenacity"
version = "8.2.2"
description = "Retry code until it succeeds"
category = "main"
optional = false
python-versions = ">=3.6"

[package.extras]
doc = ["reno", "sphinx", "tornado (>=4.5)"]

[[package]]
name = "toml"
version = "0.10.2"
description = "Python Library for Tom's Obvious, Minimal Language"
category = "dev"
optional = false
python-versions = ">=2.6, !=3.0.*, !=3.1.*, !=3.2.*"

[[package]]
name = "tomlkit"
version = "0.12.1"
description = "Style preserving TOML library"
category = "dev"
optional = false
python-versions = ">=3.7"

[[package]]
name = "traitlets"
version = "5.9.0"
description = "Traitlets Python configuration system"
category = "main"
optional = false
python-versions = ">=3.7"

[package.extras]
docs = ["myst-parser", "pydata-sphinx-theme", "sphinx"]
test = ["argcomplete (>=2.0)", "pre-commit", "pytest", "pytest-mock"]

[[package]]
name = "typing-extensions"
version = "4.7.1"
description = "Backported and Experimental Type Hints for Python 3.7+"
category = "main"
optional = false
python-versions = ">=3.7"

[[package]]
name = "tzdata"
version = "2023.3"
description = "Provider of IANA time zone data"
category = "main"
optional = false
python-versions = ">=2"

[[package]]
name = "urllib3"
version = "2.0.4"
description = "HTTP library with thread-safe connection pooling, file post, and more."
category = "main"
optional = false
python-versions = ">=3.7"

[package.extras]
brotli = ["brotli (>=1.0.9)", "brotlicffi (>=0.8.0)"]
secure = ["certifi", "cryptography (>=1.9)", "idna (>=2.0.0)", "pyopenssl (>=17.1.0)", "urllib3-secure-extra"]
socks = ["pysocks (>=1.5.6,!=1.5.7,<2.0)"]
zstd = ["zstandard (>=0.18.0)"]

[[package]]
name = "vine"
version = "5.0.0"
description = "Promises, promises, promises."
category = "main"
optional = false
python-versions = ">=3.6"

[[package]]
name = "virtualenv"
version = "20.24.2"
description = "Virtual Python Environment builder"
category = "dev"
optional = false
python-versions = ">=3.7"

[package.dependencies]
distlib = ">=0.3.7,<1"
filelock = ">=3.12.2,<4"
platformdirs = ">=3.9.1,<4"

[package.extras]
docs = ["furo (>=2023.5.20)", "proselint (>=0.13)", "sphinx-argparse (>=0.4)", "sphinx (>=7.0.1)", "sphinxcontrib-towncrier (>=0.2.1a0)", "towncrier (>=23.6)"]
test = ["covdefaults (>=2.3)", "coverage-enable-subprocess (>=1)", "coverage (>=7.2.7)", "flaky (>=3.7)", "packaging (>=23.1)", "pytest-env (>=0.8.2)", "pytest-freezer (>=0.4.8)", "pytest-mock (>=3.11.1)", "pytest-randomly (>=3.12)", "pytest-timeout (>=2.1)", "pytest (>=7.4)", "setuptools (>=68)", "time-machine (>=2.10)"]

[[package]]
name = "wcwidth"
version = "0.2.6"
description = "Measures the displayed width of unicode strings in a terminal"
category = "main"
optional = false
python-versions = "*"

[[package]]
name = "whitenoise"
version = "6.5.0"
description = "Radically simplified static file serving for WSGI applications"
category = "main"
optional = false
python-versions = ">=3.7"

[package.extras]
brotli = ["brotli"]

[[package]]
name = "wrapt"
version = "1.15.0"
description = "Module for decorators, wrappers and monkey patching."
category = "dev"
optional = false
python-versions = "!=3.0.*,!=3.1.*,!=3.2.*,!=3.3.*,!=3.4.*,>=2.7"

[[package]]
name = "xlrd"
version = "2.0.1"
description = "Library for developers to extract data from Microsoft Excel (tm) .xls spreadsheet files"
category = "main"
optional = false
python-versions = ">=2.7, !=3.0.*, !=3.1.*, !=3.2.*, !=3.3.*, !=3.4.*, !=3.5.*"

[package.extras]
build = ["wheel", "twine"]
docs = ["sphinx"]
test = ["pytest", "pytest-cov"]

[[package]]
name = "xlwt"
version = "1.3.0"
description = "Library to create spreadsheet files compatible with MS Excel 97/2000/XP/2003 XLS files, on any platform, with Python 2.6, 2.7, 3.3+"
category = "main"
optional = false
python-versions = "*"

[metadata]
lock-version = "1.1"
python-versions = "^3.11"
content-hash = "d1906d87d296e5ab100fa56e2a704ba3bd9ff9d8ab752fdd0f2214a183c3c68a"

[metadata.files]
amqp = []
appnope = []
asgiref = []
astroid = []
asttokens = []
async-timeout = []
backcall = []
bandit = []
billiard = []
black = []
brotlipy = []
celery = []
celery-redbeat = []
certifi = []
cffi = []
cfgv = []
click = []
click-didyoumean = []
click-plugins = []
click-repl = []
colorama = []
coverage = []
decorator = []
defusedxml = []
diff-match-patch = []
dill = []
distlib = []
dj-database-url = []
django = []
django-debreach = []
django-import-export = []
django-js-reverse = []
django-log-request-id = []
django-model-utils = []
django-webpack-loader = []
djangorestframework = []
dodgy = []
et-xmlfile = []
executing = []
filelock = []
flake8 = []
flake8-polyfill = []
gitdb = []
gitpython = []
gunicorn = []
identify = []
ipython = []
isort = []
jedi = []
kombu = []
lazy-object-proxy = []
markdown-it-py = []
markuppy = []
matplotlib-inline = []
mccabe = []
mdurl = []
model-bakery = []
mypy-extensions = []
nodeenv = []
odfpy = []
openpyxl = []
packaging = []
parso = []
pathspec = []
pbr = []
pep8 = []
pep8-naming = []
pexpect = []
pickleshare = []
platformdirs = []
pre-commit = []
prompt-toolkit = []
prospector = []
psutil = []
psycopg2 = []
ptyprocess = []
pure-eval = []
pycodestyle = []
pycparser = []
pydocstyle = []
pyflakes = []
pygments = []
pylint = []
pylint-celery = []
pylint-django = []
pylint-flask = []
pylint-plugin-utils = []
python-dateutil = []
python-decouple = []
pytz = []
pyyaml = []
redis = []
requirements-detector = []
rich = []
semver = []
sentry-sdk = []
setoptconf-tmp = []
six = []
smmap = []
snowballstemmer = []
sqlparse = []
stack-data = []
stevedore = []
tablib = []
tenacity = []
toml = []
tomlkit = []
traitlets = []
typing-extensions = []
tzdata = []
urllib3 = []
vine = []
virtualenv = []
wcwidth = []
whitenoise = []
wrapt = []
xlrd = []
xlwt = []
